
Microsoft Visual Studio Solution File, Format Version 12.00
# Visual Studio Version 16
VisualStudioVersion = 16.0.31729.503
MinimumVisualStudioVersion = 10.0.40219.1
Project("{8BC9CEB8-8B4A-11D0-8D11-00A0C91BC942}") = "minji", "minji\minji.vcxproj", "{FF74A2C7-CF6F-4078-9645-AA3A65377B04}"
EndProject
Project("{8BC9CEB8-8B4A-11D0-8D11-00A0C91BC942}") = "minji2", "minji2\minji2.vcxproj", "{DE9F902D-69AB-4856-BC71-B31E891C23F2}"
EndProject
Global
	GlobalSection(SolutionConfigurationPlatforms) = preSolution
		Debug|x64 = Debug|x64
		Debug|x86 = Debug|x86
		Release|x64 = Release|x64
		Release|x86 = Release|x86
	EndGlobalSection
	GlobalSection(ProjectConfigurationPlatforms) = postSolution
		{FF74A2C7-CF6F-4078-9645-AA3A65377B04}.Debug|x64.ActiveCfg = Debug|x64
		{FF74A2C7-CF6F-4078-9645-AA3A65377B04}.Debug|x64.Build.0 = Debug|x64
		{FF74A2C7-CF6F-4078-9645-AA3A65377B04}.Debug|x86.ActiveCfg = Debug|Win32
		{FF74A2C7-CF6F-4078-9645-AA3A65377B04}.Debug|x86.Build.0 = Debug|Win32
		{FF74A2C7-CF6F-4078-9645-AA3A65377B04}.Release|x64.ActiveCfg = Release|x64
		{FF74A2C7-CF6F-4078-9645-AA3A65377B04}.Release|x64.Build.0 = Release|x64
		{FF74A2C7-CF6F-4078-9645-AA3A65377B04}.Release|x86.ActiveCfg = Release|Win32
		{FF74A2C7-CF6F-4078-9645-AA3A65377B04}.Release|x86.Build.0 = Release|Win32
		{DE9F902D-69AB-4856-BC71-B31E891C23F2}.Debug|x64.ActiveCfg = Debug|x64
		{DE9F902D-69AB-4856-BC71-B31E891C23F2}.Debug|x64.Build.0 = Debug|x64
		{DE9F902D-69AB-4856-BC71-B31E891C23F2}.Debug|x86.ActiveCfg = Debug|Win32
		{DE9F902D-69AB-4856-BC71-B31E891C23F2}.Debug|x86.Build.0 = Debug|Win32
		{DE9F902D-69AB-4856-BC71-B31E891C23F2}.Release|x64.ActiveCfg = Release|x64
		{DE9F902D-69AB-4856-BC71-B31E891C23F2}.Release|x64.Build.0 = Release|x64
		{DE9F902D-69AB-4856-BC71-B31E891C23F2}.Release|x86.ActiveCfg = Release|Win32
		{DE9F902D-69AB-4856-BC71-B31E891C23F2}.Release|x86.Build.0 = Release|Win32
	EndGlobalSection
	GlobalSection(SolutionProperties) = preSolution
		HideSolutionNode = FALSE
	EndGlobalSection
	GlobalSection(ExtensibilityGlobals) = postSolution
		SolutionGuid = {EFD8EFB1-202F-4B38-84D4-75F06E0DB6D6}
	EndGlobalSection
EndGlobal
